Microsoft Visual Studio Solution File, Format Version 12.00
# Visual Studio Version 17
VisualStudioVersion = 17.0.32014.148
MinimumVisualStudioVersion = 10.0.40219.1
Project("{8BC9CEB8-8B4A-11D0-8D11-00A0C91BC942}") = "ScreenCaptureDll", "ScreenCapture\ScreenCapture.vcxproj", "{D41825DF-7633-4BD6-A5C5-119494CF050B}"
EndProject
Project("{9A19103F-16F7-4668-BE54-9A1E7A4F7556}") = "ScreenCapturePreview", "ScreenCapturePreview\ScreenCapturePreview.csproj", "{0E69D188-1593-4C5B-A203-2ACC021F5C1B}"
	ProjectSection(ProjectDependencies) = postProject
		{478ED5D3-38AF-47FC-AE14-B67976AB952C} = {478ED5D3-38AF-47FC-AE14-B67976AB952C}
		{D41825DF-7633-4BD6-A5C5-119494CF050B} = {D41825DF-7633-4BD6-A5C5-119494CF050B}
	EndProjectSection
EndProject
Project("{9A19103F-16F7-4668-BE54-9A1E7A4F7556}") = "ArnoldVinkCode", "..\ArnoldVinkCode\Desktop\ArnoldVinkCode.csproj", "{478ED5D3-38AF-47FC-AE14-B67976AB952C}"
EndProject
Project("{9A19103F-16F7-4668-BE54-9A1E7A4F7556}") = "ScreenCaptureImport", "ScreenCaptureImport\ScreenCaptureImport.csproj", "{42D2110A-342B-46CD-ABE7-57486ABE1584}"
EndProject
Project("{9A19103F-16F7-4668-BE54-9A1E7A4F7556}") = "ScreenCaptureTool", "ScreenCaptureTool\ScreenCaptureTool.csproj", "{008CE786-87C4-4B4B-A094-D2F4ACA44231}"
	ProjectSection(ProjectDependencies) = postProject
		{D41825DF-7633-4BD6-A5C5-119494CF050B} = {D41825DF-7633-4BD6-A5C5-119494CF050B}
	EndProjectSection
EndProject
Global
	GlobalSection(SolutionConfigurationPlatforms) = preSolution
		Debug|Any CPU = Debug|Any CPU
		Debug|x64 = Debug|x64
		Debug|x86 = Debug|x86
		Release|Any CPU = Release|Any CPU
		Release|x64 = Release|x64
		Release|x86 = Release|x86
	EndGlobalSection
	GlobalSection(ProjectConfigurationPlatforms) = postSolution
		{D41825DF-7633-4BD6-A5C5-119494CF050B}.Debug|Any CPU.ActiveCfg = Debug|x64
		{D41825DF-7633-4BD6-A5C5-119494CF050B}.Debug|Any CPU.Build.0 = Debug|x64
		{D41825DF-7633-4BD6-A5C5-119494CF050B}.Debug|x64.ActiveCfg = Debug|x64
		{D41825DF-7633-4BD6-A5C5-119494CF050B}.Debug|x64.Build.0 = Debug|x64
		{D41825DF-7633-4BD6-A5C5-119494CF050B}.Debug|x86.ActiveCfg = Debug|Win32
		{D41825DF-7633-4BD6-A5C5-119494CF050B}.Debug|x86.Build.0 = Debug|Win32
		{D41825DF-7633-4BD6-A5C5-119494CF050B}.Release|Any CPU.ActiveCfg = Release|x64
		{D41825DF-7633-4BD6-A5C5-119494CF050B}.Release|Any CPU.Build.0 = Release|x64
		{D41825DF-7633-4BD6-A5C5-119494CF050B}.Release|x64.ActiveCfg = Release|x64
		{D41825DF-7633-4BD6-A5C5-119494CF050B}.Release|x64.Build.0 = Release|x64
		{D41825DF-7633-4BD6-A5C5-119494CF050B}.Release|x86.ActiveCfg = Release|Win32
		{D41825DF-7633-4BD6-A5C5-119494CF050B}.Release|x86.Build.0 = Release|Win32
		{0E69D188-1593-4C5B-A203-2ACC021F5C1B}.Debug|Any CPU.ActiveCfg = Debug|Any CPU
		{0E69D188-1593-4C5B-A203-2ACC021F5C1B}.Debug|Any CPU.Build.0 = Debug|Any CPU
		{0E69D188-1593-4C5B-A203-2ACC021F5C1B}.Debug|x64.ActiveCfg = Debug|Any CPU
		{0E69D188-1593-4C5B-A203-2ACC021F5C1B}.Debug|x64.Build.0 = Debug|Any CPU
		{0E69D188-1593-4C5B-A203-2ACC021F5C1B}.Debug|x86.ActiveCfg = Debug|x86
		{0E69D188-1593-4C5B-A203-2ACC021F5C1B}.Debug|x86.Build.0 = Debug|x86
		{0E69D188-1593-4C5B-A203-2ACC021F5C1B}.Release|Any CPU.ActiveCfg = Release|Any CPU
		{0E69D188-1593-4C5B-A203-2ACC021F5C1B}.Release|Any CPU.Build.0 = Release|Any CPU
		{0E69D188-1593-4C5B-A203-2ACC021F5C1B}.Release|x64.ActiveCfg = Release|x64
		{0E69D188-1593-4C5B-A203-2ACC021F5C1B}.Release|x64.Build.0 = Release|x64
		{0E69D188-1593-4C5B-A203-2ACC021F5C1B}.Release|x86.ActiveCfg = Release|x86
		{0E69D188-1593-4C5B-A203-2ACC021F5C1B}.Release|x86.Build.0 = Release|x86
		{478ED5D3-38AF-47FC-AE14-B67976AB952C}.Debug|Any CPU.ActiveCfg = Debug|Any CPU
		{478ED5D3-38AF-47FC-AE14-B67976AB952C}.Debug|Any CPU.Build.0 = Debug|Any CPU
		{478ED5D3-38AF-47FC-AE14-B67976AB952C}.Debug|x64.ActiveCfg = Debug|Any CPU
		{478ED5D3-38AF-47FC-AE14-B67976AB952C}.Debug|x64.Build.0 = Debug|Any CPU
		{478ED5D3-38AF-47FC-AE14-B67976AB952C}.Debug|x86.ActiveCfg = Debug|Any CPU
		{478ED5D3-38AF-47FC-AE14-B67976AB952C}.Debug|x86.Build.0 = Debug|Any CPU
		{478ED5D3-38AF-47FC-AE14-B67976AB952C}.Release|Any CPU.ActiveCfg = Release|Any CPU
		{478ED5D3-38AF-47FC-AE14-B67976AB952C}.Release|Any CPU.Build.0 = Release|Any CPU
		{478ED5D3-38AF-47FC-AE14-B67976AB952C}.Release|x64.ActiveCfg = Release|Any CPU
		{478ED5D3-38AF-47FC-AE14-B67976AB952C}.Release|x64.Build.0 = Release|Any CPU
		{478ED5D3-38AF-47FC-AE14-B67976AB952C}.Release|x86.ActiveCfg = Release|Any CPU
		{478ED5D3-38AF-47FC-AE14-B67976AB952C}.Release|x86.Build.0 = Release|Any CPU
		{42D2110A-342B-46CD-ABE7-57486ABE1584}.Debug|Any CPU.ActiveCfg = Debug|Any CPU
		{42D2110A-342B-46CD-ABE7-57486ABE1584}.Debug|Any CPU.Build.0 = Debug|Any CPU
		{42D2110A-342B-46CD-ABE7-57486ABE1584}.Debug|x64.ActiveCfg = Debug|x64
		{42D2110A-342B-46CD-ABE7-57486ABE1584}.Debug|x64.Build.0 = Debug|x64
		{42D2110A-342B-46CD-ABE7-57486ABE1584}.Debug|x86.ActiveCfg = Debug|Any CPU
		{42D2110A-342B-46CD-ABE7-57486ABE1584}.Debug|x86.Build.0 = Debug|Any CPU
		{42D2110A-342B-46CD-ABE7-57486ABE1584}.Release|Any CPU.ActiveCfg = Release|Any CPU
		{42D2110A-342B-46CD-ABE7-57486ABE1584}.Release|Any CPU.Build.0 = Release|Any CPU
		{42D2110A-342B-46CD-ABE7-57486ABE1584}.Release|x64.ActiveCfg = Release|Any CPU
		{42D2110A-342B-46CD-ABE7-57486ABE1584}.Release|x64.Build.0 = Release|Any CPU
		{42D2110A-342B-46CD-ABE7-57486ABE1584}.Release|x86.ActiveCfg = Release|Any CPU
		{42D2110A-342B-46CD-ABE7-57486ABE1584}.Release|x86.Build.0 = Release|Any CPU
		{008CE786-87C4-4B4B-A094-D2F4ACA44231}.Debug|Any CPU.ActiveCfg = Debug|Any CPU
		{008CE786-87C4-4B4B-A094-D2F4ACA44231}.Debug|Any CPU.Build.0 = Debug|Any CPU
		{008CE786-87C4-4B4B-A094-D2F4ACA44231}.Debug|x64.ActiveCfg = Debug|Any CPU
		{008CE786-87C4-4B4B-A094-D2F4ACA44231}.Debug|x64.Build.0 = Debug|Any CPU
		{008CE786-87C4-4B4B-A094-D2F4ACA44231}.Debug|x86.ActiveCfg = Debug|Any CPU
		{008CE786-87C4-4B4B-A094-D2F4ACA44231}.Debug|x86.Build.0 = Debug|Any CPU
		{008CE786-87C4-4B4B-A094-D2F4ACA44231}.Release|Any CPU.ActiveCfg = Release|Any CPU
		{008CE786-87C4-4B4B-A094-D2F4ACA44231}.Release|Any CPU.Build.0 = Release|Any CPU
		{008CE786-87C4-4B4B-A094-D2F4ACA44231}.Release|x64.ActiveCfg = Release|Any CPU
		{008CE786-87C4-4B4B-A094-D2F4ACA44231}.Release|x64.Build.0 = Release|Any CPU
		{008CE786-87C4-4B4B-A094-D2F4ACA44231}.Release|x86.ActiveCfg = Release|Any CPU
		{008CE786-87C4-4B4B-A094-D2F4ACA44231}.Release|x86.Build.0 = Release|Any CPU
	EndGlobalSection
	GlobalSection(SolutionProperties) = preSolution
		HideSolutionNode = FALSE
	EndGlobalSection
	GlobalSection(ExtensibilityGlobals) = postSolution
		SolutionGuid = {C60F7220-073B-40C5-A26D-721D88FA9EAF}
	EndGlobalSection
EndGlobal
