<?xml version="1.0" encoding="utf-8"?>
<Project ToolsVersion="4.0" xmlns="http://schemas.microsoft.com/developer/msbuild/2003">
  <ItemGroup>
    <Filter Include="Source files">
      <UniqueIdentifier>{453b34f9-797c-4133-aa58-06d579a898fe}</UniqueIdentifier>
    </Filter>
    <Filter Include="Resource files">
      <UniqueIdentifier>{618e1cd9-fefb-4ef7-96f6-ea91a9bdbfe6}</UniqueIdentifier>
    </Filter>
    <Filter Include="Header files">
      <UniqueIdentifier>{6ecee073-3fda-4d87-ad79-cc039befef5f}</UniqueIdentifier>
    </Filter>
    <Filter Include="Shader files">
      <UniqueIdentifier>{af8352ed-25f6-401c-9231-9d6e4a79e08c}</UniqueIdentifier>
    </Filter>
  </ItemGroup>
  <ItemGroup>
    <ClCompile Include="CaptureMain.cpp">
      <Filter>Source files</Filter>
    </ClCompile>
    <ClCompile Include="CaptureInitialize.cpp">
      <Filter>Source files</Filter>
    </ClCompile>
    <ClCompile Include="CaptureImage.cpp">
      <Filter>Source files</Filter>
    </ClCompile>
    <ClCompile Include="CaptureTexture.cpp">
      <Filter>Source files</Filter>
    </ClCompile>
    <ClCompile Include="CaptureClasses.h">
      <Filter>Header files</Filter>
    </ClCompile>
    <ClCompile Include="CaptureDetails.cpp">
      <Filter>Source files</Filter>
    </ClCompile>
    <ClCompile Include="CaptureVideoStart.cpp">
      <Filter>Source files</Filter>
    </ClCompile>
    <ClCompile Include="CaptureScreen.cpp">
      <Filter>Source files</Filter>
    </ClCompile>
    <ClCompile Include="CaptureInitMedia.cpp">
      <Filter>Source files</Filter>
    </ClCompile>
    <ClCompile Include="CaptureAudio.cpp">
      <Filter>Source files</Filter>
    </ClCompile>
    <ClCompile Include="CaptureReset.cpp">
      <Filter>Source files</Filter>
    </ClCompile>
    <ClCompile Include="PlayAudio.cpp">
      <Filter>Source files</Filter>
    </ClCompile>
    <ClCompile Include="CaptureLoop.cpp">
      <Filter>Source files</Filter>
    </ClCompile>
    <ClCompile Include="CaptureWrite.cpp">
      <Filter>Source files</Filter>
    </ClCompile>
    <ClCompile Include="CaptureRender.cpp">
      <Filter>Source files</Filter>
    </ClCompile>
    <ClCompile Include="CaptureInitVideo.cpp">
      <Filter>Source files</Filter>
    </ClCompile>
    <ClCompile Include="CaptureInitAudio.cpp">
      <Filter>Source files</Filter>
    </ClCompile>
    <ClCompile Include="CaptureVideoStop.cpp">
      <Filter>Source files</Filter>
    </ClCompile>
  </ItemGroup>
  <ItemGroup>
    <ResourceCompile Include="AssemblyInfo.rc">
      <Filter>Resource files</Filter>
    </ResourceCompile>
  </ItemGroup>
  <ItemGroup>
    <ClInclude Include="CaptureVariables.h">
      <Filter>Header files</Filter>
    </ClInclude>
    <ClInclude Include="CaptureIncludes.h">
      <Filter>Header files</Filter>
    </ClInclude>
    <ClInclude Include="CoutVisualStudioDebugOutput.h">
      <Filter>Header files</Filter>
    </ClInclude>
    <ClInclude Include="Shaders\PixelShader.h">
      <Filter>Shader files</Filter>
    </ClInclude>
    <ClInclude Include="Shaders\VertexShader.h">
      <Filter>Shader files</Filter>
    </ClInclude>
  </ItemGroup>
  <ItemGroup>
    <FxCompile Include="Shaders\VertexShader.hlsl">
      <Filter>Shader files</Filter>
    </FxCompile>
    <FxCompile Include="Shaders\PixelShader.hlsl">
      <Filter>Shader files</Filter>
    </FxCompile>
  </ItemGroup>
</Project>